
Microsoft Visual Studio Solution File, Format Version 12.00
# Visual Studio Version 16
VisualStudioVersion = 16.0.30223.230
MinimumVisualStudioVersion = 10.0.40219.1
Project("{9A19103F-16F7-4668-BE54-9A1E7A4F7556}") = "Worter", "Worter\Worter.csproj", "{A42B3BF6-E15D-4ADC-804C-F3614688520A}"
EndProject
Project("{9A19103F-16F7-4668-BE54-9A1E7A4F7556}") = "Worter.Common", "Worter.Common\Worter.Common.csproj", "{70A6237E-BCEC-4D64-BEDF-DEAF69955CAF}"
EndProject
Project("{9A19103F-16F7-4668-BE54-9A1E7A4F7556}") = "Worter.DAO", "Worter.DAO\Worter.DAO.csproj", "{F8DB2205-E141-44FB-915D-CA130599B6D0}"
EndProject
Project("{9A19103F-16F7-4668-BE54-9A1E7A4F7556}") = "FMCW.Seguridad.Encriptador", "FMCW.Seguridad.Encriptador\FMCW.Seguridad.Encriptador.csproj", "{26DB3476-8130-4BE9-81E3-EF77E15D1611}"
EndProject
Project("{9A19103F-16F7-4668-BE54-9A1E7A4F7556}") = "Worter.API", "Worter.API\Worter.API.csproj", "{7D63C4C7-8E1C-432D-8A4F-B264E1BE6102}"
EndProject
Project("{9A19103F-16F7-4668-BE54-9A1E7A4F7556}") = "Worter.BL", "Worter.BL\Worter.BL.csproj", "{4FFDF966-A742-4E09-9202-2CD4619F7827}"
EndProject
Project("{9A19103F-16F7-4668-BE54-9A1E7A4F7556}") = "FMCW.Common", "FMCW.Common\FMCW.Common.csproj", "{58FFE47F-2C32-4AF5-9572-60C35EED7782}"
EndProject
Project("{FAE04EC0-301F-11D3-BF4B-00C04F79EFBC}") = "Worter.DTO", "Worter.DTO\Worter.DTO.csproj", "{28907EDE-9A2F-4A71-B1CA-4B27A1497A11}"
EndProject
Global
	GlobalSection(SolutionConfigurationPlatforms) = preSolution
		Debug|Any CPU = Debug|Any CPU
		Release|Any CPU = Release|Any CPU
	EndGlobalSection
	GlobalSection(ProjectConfigurationPlatforms) = postSolution
		{A42B3BF6-E15D-4ADC-804C-F3614688520A}.Debug|Any CPU.ActiveCfg = Debug|Any CPU
		{A42B3BF6-E15D-4ADC-804C-F3614688520A}.Debug|Any CPU.Build.0 = Debug|Any CPU
		{A42B3BF6-E15D-4ADC-804C-F3614688520A}.Release|Any CPU.ActiveCfg = Release|Any CPU
		{A42B3BF6-E15D-4ADC-804C-F3614688520A}.Release|Any CPU.Build.0 = Release|Any CPU
		{70A6237E-BCEC-4D64-BEDF-DEAF69955CAF}.Debug|Any CPU.ActiveCfg = Debug|Any CPU
		{70A6237E-BCEC-4D64-BEDF-DEAF69955CAF}.Debug|Any CPU.Build.0 = Debug|Any CPU
		{70A6237E-BCEC-4D64-BEDF-DEAF69955CAF}.Release|Any CPU.ActiveCfg = Release|Any CPU
		{70A6237E-BCEC-4D64-BEDF-DEAF69955CAF}.Release|Any CPU.Build.0 = Release|Any CPU
		{F8DB2205-E141-44FB-915D-CA130599B6D0}.Debug|Any CPU.ActiveCfg = Debug|Any CPU
		{F8DB2205-E141-44FB-915D-CA130599B6D0}.Debug|Any CPU.Build.0 = Debug|Any CPU
		{F8DB2205-E141-44FB-915D-CA130599B6D0}.Release|Any CPU.ActiveCfg = Release|Any CPU
		{F8DB2205-E141-44FB-915D-CA130599B6D0}.Release|Any CPU.Build.0 = Release|Any CPU
		{26DB3476-8130-4BE9-81E3-EF77E15D1611}.Debug|Any CPU.ActiveCfg = Debug|Any CPU
		{26DB3476-8130-4BE9-81E3-EF77E15D1611}.Debug|Any CPU.Build.0 = Debug|Any CPU
		{26DB3476-8130-4BE9-81E3-EF77E15D1611}.Release|Any CPU.ActiveCfg = Release|Any CPU
		{26DB3476-8130-4BE9-81E3-EF77E15D1611}.Release|Any CPU.Build.0 = Release|Any CPU
		{7D63C4C7-8E1C-432D-8A4F-B264E1BE6102}.Debug|Any CPU.ActiveCfg = Debug|Any CPU
		{7D63C4C7-8E1C-432D-8A4F-B264E1BE6102}.Debug|Any CPU.Build.0 = Debug|Any CPU
		{7D63C4C7-8E1C-432D-8A4F-B264E1BE6102}.Release|Any CPU.ActiveCfg = Release|Any CPU
		{7D63C4C7-8E1C-432D-8A4F-B264E1BE6102}.Release|Any CPU.Build.0 = Release|Any CPU
		{4FFDF966-A742-4E09-9202-2CD4619F7827}.Debug|Any CPU.ActiveCfg = Debug|Any CPU
		{4FFDF966-A742-4E09-9202-2CD4619F7827}.Debug|Any CPU.Build.0 = Debug|Any CPU
		{4FFDF966-A742-4E09-9202-2CD4619F7827}.Release|Any CPU.ActiveCfg = Release|Any CPU
		{4FFDF966-A742-4E09-9202-2CD4619F7827}.Release|Any CPU.Build.0 = Release|Any CPU
		{58FFE47F-2C32-4AF5-9572-60C35EED7782}.Debug|Any CPU.ActiveCfg = Debug|Any CPU
		{58FFE47F-2C32-4AF5-9572-60C35EED7782}.Debug|Any CPU.Build.0 = Debug|Any CPU
		{58FFE47F-2C32-4AF5-9572-60C35EED7782}.Release|Any CPU.ActiveCfg = Release|Any CPU
		{58FFE47F-2C32-4AF5-9572-60C35EED7782}.Release|Any CPU.Build.0 = Release|Any CPU
		{28907EDE-9A2F-4A71-B1CA-4B27A1497A11}.Debug|Any CPU.ActiveCfg = Debug|Any CPU
		{28907EDE-9A2F-4A71-B1CA-4B27A1497A11}.Debug|Any CPU.Build.0 = Debug|Any CPU
		{28907EDE-9A2F-4A71-B1CA-4B27A1497A11}.Release|Any CPU.ActiveCfg = Release|Any CPU
		{28907EDE-9A2F-4A71-B1CA-4B27A1497A11}.Release|Any CPU.Build.0 = Release|Any CPU
	EndGlobalSection
	GlobalSection(SolutionProperties) = preSolution
		HideSolutionNode = FALSE
	EndGlobalSection
	GlobalSection(ExtensibilityGlobals) = postSolution
		SolutionGuid = {CD7DBA7C-0633-4A40-B8AE-F47741363728}
	EndGlobalSection
EndGlobal
